
Microsoft Visual Studio Solution File, Format Version 12.00
# Visual Studio 15
VisualStudioVersion = 15.0.27428.2037
MinimumVisualStudioVersion = 10.0.40219.1
Project("{FAE04EC0-301F-11D3-BF4B-00C04F79EFBC}") = "SugerParser", "SugerParser\SugerParser.csproj", "{A157FE85-7926-416A-9CC0-0C6FB85416FB}"
EndProject
Global
	GlobalSection(SolutionConfigurationPlatforms) = preSolution
		Debug|Any CPU = Debug|Any CPU
		Release|Any CPU = Release|Any CPU
	EndGlobalSection
	GlobalSection(ProjectConfigurationPlatforms) = postSolution
		{A157FE85-7926-416A-9CC0-0C6FB85416FB}.Debug|Any CPU.ActiveCfg = Debug|Any CPU
		{A157FE85-7926-416A-9CC0-0C6FB85416FB}.Debug|Any CPU.Build.0 = Debug|Any CPU
		{A157FE85-7926-416A-9CC0-0C6FB85416FB}.Release|Any CPU.ActiveCfg = Release|Any CPU
		{A157FE85-7926-416A-9CC0-0C6FB85416FB}.Release|Any CPU.Build.0 = Release|Any CPU
	EndGlobalSection
	GlobalSection(SolutionProperties) = preSolution
		HideSolutionNode = FALSE
	EndGlobalSection
	GlobalSection(ExtensibilityGlobals) = postSolution
		SolutionGuid = {FA662375-C8A3-49D4-9659-80C992EECFBA}
	EndGlobalSection
EndGlobal
